// !$*UTF8*$!
{
	archiveVersion = 1;
	classes = {
	};
	objectVersion = 46;
	objects = {

/* Begin PBXBuildFile section */
		4F900DBE1A39FDA20044D50D /* Cloud.m in Sources */ = {isa = PBXBuildFile; fileRef = 4F900DBD1A39FDA20044D50D /* Cloud.m */; };
		4FA225AC1A300F2F00701027 /* Ball.m in Sources */ = {isa = PBXBuildFile; fileRef = 4FA225AB1A300F2F00701027 /* Ball.m */; };
		4FFF88B91A12A11800283B80 /* main.m in Sources */ = {isa = PBXBuildFile; fileRef = 4FFF88B81A12A11800283B80 /* main.m */; };
		4FFF88BC1A12A11800283B80 /* AppDelegate.m in Sources */ = {isa = PBXBuildFile; fileRef = 4FFF88BB1A12A11800283B80 /* AppDelegate.m */; };
		4FFF88BF1A12A11800283B80 /* GameScene.m in Sources */ = {isa = PBXBuildFile; fileRef = 4FFF88BE1A12A11800283B80 /* GameScene.m */; };
		4FFF88C11A12A11800283B80 /* GameScene.sks in Resources */ = {isa = PBXBuildFile; fileRef = 4FFF88C01A12A11800283B80 /* GameScene.sks */; };
		4FFF88C41A12A11800283B80 /* GameViewController.m in Sources */ = {isa = PBXBuildFile; fileRef = 4FFF88C31A12A11800283B80 /* GameViewController.m */; };
		4FFF88C71A12A11800283B80 /* Main.storyboard in Resources */ = {isa = PBXBuildFile; fileRef = 4FFF88C51A12A11800283B80 /* Main.storyboard */; };
		4FFF88C91A12A11900283B80 /* Images.xcassets in Resources */ = {isa = PBXBuildFile; fileRef = 4FFF88C81A12A11900283B80 /* Images.xcassets */; };
		4FFF88CC1A12A11900283B80 /* LaunchScreen.xib in Resources */ = {isa = PBXBuildFile; fileRef = 4FFF88CA1A12A11900283B80 /* LaunchScreen.xib */; };
		4FFF88D81A12A11900283B80 /* basketclimbTests.m in Sources */ = {isa = PBXBuildFile; fileRef = 4FFF88D71A12A11900283B80 /* basketclimbTests.m */; };
		E24347681A26B9C9007972D4 /* Map.m in Sources */ = {isa = PBXBuildFile; fileRef = E24347671A26B9C9007972D4 /* Map.m */; };
		E253B63E1A2ED69000C5F743 /* Basket.m in Sources */ = {isa = PBXBuildFile; fileRef = E253B63D1A2ED69000C5F743 /* Basket.m */; };
		E27E6DA61A3FECC60095D5A7 /* BasketMade.wav in Resources */ = {isa = PBXBuildFile; fileRef = E27E6DA31A3FECC60095D5A7 /* BasketMade.wav */; };
		E27E6DA71A3FECC60095D5A7 /* Death.wav in Resources */ = {isa = PBXBuildFile; fileRef = E27E6DA41A3FECC60095D5A7 /* Death.wav */; };
		E27E6DB11A3FF2AC0095D5A7 /* SoundManager.m in Sources */ = {isa = PBXBuildFile; fileRef = E27E6DB01A3FF2AC0095D5A7 /* SoundManager.m */; };
		E27E6DB31A3FFB4F0095D5A7 /* Start.wav in Resources */ = {isa = PBXBuildFile; fileRef = E27E6DB21A3FFB4F0095D5A7 /* Start.wav */; };
		E2CEDFCC1A3652810018DB7D /* GameState.m in Sources */ = {isa = PBXBuildFile; fileRef = E2CEDFCB1A3652810018DB7D /* GameState.m */; };
		E2CEDFD01A3655D00018DB7D /* EndGameScene.m in Sources */ = {isa = PBXBuildFile; fileRef = E2CEDFCF1A3655D00018DB7D /* EndGameScene.m */; };
/* End PBXBuildFile section */

/* Begin PBXContainerItemProxy section */
		4FFF88D21A12A11900283B80 /* PBXContainerItemProxy */ = {
			isa = PBXContainerItemProxy;
			containerPortal = 4FFF88AB1A12A11800283B80 /* Project object */;
			proxyType = 1;
			remoteGlobalIDString = 4FFF88B21A12A11800283B80;
			remoteInfo = basketclimb;
		};
/* End PBXContainerItemProxy section */

/* Begin PBXFileReference section */
		4F900DBC1A39FDA20044D50D /* Cloud.h */ = {isa = PBXFileReference; fileEncoding = 4; lastKnownFileType = sourcecode.c.h; path = Cloud.h; sourceTree = "<group>"; };
		4F900DBD1A39FDA20044D50D /* Cloud.m */ = {isa = PBXFileReference; fileEncoding = 4; lastKnownFileType = sourcecode.c.objc; path = Cloud.m; sourceTree = "<group>"; };
		4FA225AA1A300F2F00701027 /* Ball.h */ = {isa = PBXFileReference; fileEncoding = 4; lastKnownFileType = sourcecode.c.h; path = Ball.h; sourceTree = "<group>"; };
		4FA225AB1A300F2F00701027 /* Ball.m */ = {isa = PBXFileReference; fileEncoding = 4; lastKnownFileType = sourcecode.c.objc; path = Ball.m; sourceTree = "<group>"; };
		4FFF88B31A12A11800283B80 /* Basket Climb.app */ = {isa = PBXFileReference; explicitFileType = wrapper.application; includeInIndex = 0; path = "Basket Climb.app"; sourceTree = BUILT_PRODUCTS_DIR; };
		4FFF88B71A12A11800283B80 /* Info.plist */ = {isa = PBXFileReference; lastKnownFileType = text.plist.xml; path = Info.plist; sourceTree = "<group>"; };
		4FFF88B81A12A11800283B80 /* main.m */ = {isa = PBXFileReference; lastKnownFileType = sourcecode.c.objc; path = main.m; sourceTree = "<group>"; };
		4FFF88BA1A12A11800283B80 /* AppDelegate.h */ = {isa = PBXFileReference; lastKnownFileType = sourcecode.c.h; path = AppDelegate.h; sourceTree = "<group>"; };
		4FFF88BB1A12A11800283B80 /* AppDelegate.m */ = {isa = PBXFileReference; lastKnownFileType = sourcecode.c.objc; path = AppDelegate.m; sourceTree = "<group>"; };
		4FFF88BD1A12A11800283B80 /* GameScene.h */ = {isa = PBXFileReference; lastKnownFileType = sourcecode.c.h; path = GameScene.h; sourceTree = "<group>"; };
		4FFF88BE1A12A11800283B80 /* GameScene.m */ = {isa = PBXFileReference; lastKnownFileType = sourcecode.c.objc; path = GameScene.m; sourceTree = "<group>"; };
		4FFF88C01A12A11800283B80 /* GameScene.sks */ = {isa = PBXFileReference; lastKnownFileType = file.sks; path = GameScene.sks; sourceTree = "<group>"; };
		4FFF88C21A12A11800283B80 /* GameViewController.h */ = {isa = PBXFileReference; lastKnownFileType = sourcecode.c.h; path = GameViewController.h; sourceTree = "<group>"; };
		4FFF88C31A12A11800283B80 /* GameViewController.m */ = {isa = PBXFileReference; lastKnownFileType = sourcecode.c.objc; path = GameViewController.m; sourceTree = "<group>"; };
		4FFF88C61A12A11800283B80 /* Base */ = {isa = PBXFileReference; lastKnownFileType = file.storyboard; name = Base; path = Base.lproj/Main.storyboard; sourceTree = "<group>"; };
		4FFF88C81A12A11900283B80 /* Images.xcassets */ = {isa = PBXFileReference; lastKnownFileType = folder.assetcatalog; path = Images.xcassets; sourceTree = "<group>"; };
		4FFF88CB1A12A11900283B80 /* Base */ = {isa = PBXFileReference; lastKnownFileType = file.xib; name = Base; path = Base.lproj/LaunchScreen.xib; sourceTree = "<group>"; };
		4FFF88D11A12A11900283B80 /* Basket ClimbTests.xctest */ = {isa = PBXFileReference; explicitFileType = wrapper.cfbundle; includeInIndex = 0; path = "Basket ClimbTests.xctest"; sourceTree = BUILT_PRODUCTS_DIR; };
		4FFF88D61A12A11900283B80 /* Info.plist */ = {isa = PBXFileReference; lastKnownFileType = text.plist.xml; path = Info.plist; sourceTree = "<group>"; };
		4FFF88D71A12A11900283B80 /* basketclimbTests.m */ = {isa = PBXFileReference; lastKnownFileType = sourcecode.c.objc; path = basketclimbTests.m; sourceTree = "<group>"; };
		E24347661A26B9C9007972D4 /* Map.h */ = {isa = PBXFileReference; fileEncoding = 4; lastKnownFileType = sourcecode.c.h; path = Map.h; sourceTree = "<group>"; };
		E24347671A26B9C9007972D4 /* Map.m */ = {isa = PBXFileReference; fileEncoding = 4; lastKnownFileType = sourcecode.c.objc; path = Map.m; sourceTree = "<group>"; };
		E253B63C1A2ED69000C5F743 /* Basket.h */ = {isa = PBXFileReference; fileEncoding = 4; lastKnownFileType = sourcecode.c.h; path = Basket.h; sourceTree = "<group>"; };
		E253B63D1A2ED69000C5F743 /* Basket.m */ = {isa = PBXFileReference; fileEncoding = 4; lastKnownFileType = sourcecode.c.objc; path = Basket.m; sourceTree = "<group>"; };
		E27E6DA31A3FECC60095D5A7 /* BasketMade.wav */ = {isa = PBXFileReference; lastKnownFileType = audio.wav; path = BasketMade.wav; sourceTree = "<group>"; };
		E27E6DA41A3FECC60095D5A7 /* Death.wav */ = {isa = PBXFileReference; lastKnownFileType = audio.wav; path = Death.wav; sourceTree = "<group>"; };
		E27E6DAF1A3FF2AC0095D5A7 /* SoundManager.h */ = {isa = PBXFileReference; fileEncoding = 4; lastKnownFileType = sourcecode.c.h; path = SoundManager.h; sourceTree = "<group>"; };
		E27E6DB01A3FF2AC0095D5A7 /* SoundManager.m */ = {isa = PBXFileReference; fileEncoding = 4; lastKnownFileType = sourcecode.c.objc; path = SoundManager.m; sourceTree = "<group>"; };
		E27E6DB21A3FFB4F0095D5A7 /* Start.wav */ = {isa = PBXFileReference; lastKnownFileType = audio.wav; path = Start.wav; sourceTree = "<group>"; };
		E2CEDFCA1A3652810018DB7D /* GameState.h */ = {isa = PBXFileReference; fileEncoding = 4; lastKnownFileType = sourcecode.c.h; path = GameState.h; sourceTree = "<group>"; };
		E2CEDFCB1A3652810018DB7D /* GameState.m */ = {isa = PBXFileReference; fileEncoding = 4; lastKnownFileType = sourcecode.c.objc; path = GameState.m; sourceTree = "<group>"; };
		E2CEDFCE1A3655D00018DB7D /* EndGameScene.h */ = {isa = PBXFileReference; fileEncoding = 4; lastKnownFileType = sourcecode.c.h; path = EndGameScene.h; sourceTree = "<group>"; };
		E2CEDFCF1A3655D00018DB7D /* EndGameScene.m */ = {isa = PBXFileReference; fileEncoding = 4; lastKnownFileType = sourcecode.c.objc; path = EndGameScene.m; sourceTree = "<group>"; };
/* End PBXFileReference section */

/* Begin PBXFrameworksBuildPhase section */
		4FFF88B01A12A11800283B80 /* Frameworks */ = {
			isa = PBXFrameworksBuildPhase;
			buildActionMask = 2147483647;
			files = (
			);
			runOnlyForDeploymentPostprocessing = 0;
		};
		4FFF88CE1A12A11900283B80 /* Frameworks */ = {
			isa = PBXFrameworksBuildPhase;
			buildActionMask = 2147483647;
			files = (
			);
			runOnlyForDeploymentPostprocessing = 0;
		};
/* End PBXFrameworksBuildPhase section */

/* Begin PBXGroup section */
		4FFF88AA1A12A11800283B80 = {
			isa = PBXGroup;
			children = (
				4FFF88B51A12A11800283B80 /* basketclimb */,
				4FFF88D41A12A11900283B80 /* basketclimbTests */,
				4FFF88B41A12A11800283B80 /* Products */,
			);
			sourceTree = "<group>";
		};
		4FFF88B41A12A11800283B80 /* Products */ = {
			isa = PBXGroup;
			children = (
				4FFF88B31A12A11800283B80 /* Basket Climb.app */,
				4FFF88D11A12A11900283B80 /* Basket ClimbTests.xctest */,
			);
			name = Products;
			sourceTree = "<group>";
		};
		4FFF88B51A12A11800283B80 /* basketclimb */ = {
			isa = PBXGroup;
			children = (
				4FA225AA1A300F2F00701027 /* Ball.h */,
				4FA225AB1A300F2F00701027 /* Ball.m */,
				4FFF88BD1A12A11800283B80 /* GameScene.h */,
				4FFF88BE1A12A11800283B80 /* GameScene.m */,
				4F900DBC1A39FDA20044D50D /* Cloud.h */,
				4F900DBD1A39FDA20044D50D /* Cloud.m */,
				4FFF88C01A12A11800283B80 /* GameScene.sks */,
				4FFF88C21A12A11800283B80 /* GameViewController.h */,
				4FFF88C31A12A11800283B80 /* GameViewController.m */,
				E24347661A26B9C9007972D4 /* Map.h */,
				E24347671A26B9C9007972D4 /* Map.m */,
				E253B63C1A2ED69000C5F743 /* Basket.h */,
				E253B63D1A2ED69000C5F743 /* Basket.m */,
				E2CEDFCA1A3652810018DB7D /* GameState.h */,
				E2CEDFCB1A3652810018DB7D /* GameState.m */,
				E2CEDFCE1A3655D00018DB7D /* EndGameScene.h */,
				E2CEDFCF1A3655D00018DB7D /* EndGameScene.m */,
				E27E6DAF1A3FF2AC0095D5A7 /* SoundManager.h */,
				E27E6DB01A3FF2AC0095D5A7 /* SoundManager.m */,
				4FFF88C51A12A11800283B80 /* Main.storyboard */,
				4FFF88C81A12A11900283B80 /* Images.xcassets */,
				4FFF88CA1A12A11900283B80 /* LaunchScreen.xib */,
				E27E6DB21A3FFB4F0095D5A7 /* Start.wav */,
				E27E6DA31A3FECC60095D5A7 /* BasketMade.wav */,
				E27E6DA41A3FECC60095D5A7 /* Death.wav */,
				4FFF88B61A12A11800283B80 /* Supporting Files */,
			);
			path = basketclimb;
			sourceTree = "<group>";
		};
		4FFF88B61A12A11800283B80 /* Supporting Files */ = {
			isa = PBXGroup;
			children = (
				4FFF88BA1A12A11800283B80 /* AppDelegate.h */,
				4FFF88BB1A12A11800283B80 /* AppDelegate.m */,
				4FFF88B71A12A11800283B80 /* Info.plist */,
				4FFF88B81A12A11800283B80 /* main.m */,
			);
			name = "Supporting Files";
			sourceTree = "<group>";
		};
		4FFF88D41A12A11900283B80 /* basketclimbTests */ = {
			isa = PBXGroup;
			children = (
				4FFF88D71A12A11900283B80 /* basketclimbTests.m */,
				4FFF88D51A12A11900283B80 /* Supporting Files */,
			);
			path = basketclimbTests;
			sourceTree = "<group>";
		};
		4FFF88D51A12A11900283B80 /* Supporting Files */ = {
			isa = PBXGroup;
			children = (
				4FFF88D61A12A11900283B80 /* Info.plist */,
			);
			name = "Supporting Files";
			sourceTree = "<group>";
		};
/* End PBXGroup section */

/* Begin PBXNativeTarget section */
		4FFF88B21A12A11800283B80 /* Basket Climb */ = {
			isa = PBXNativeTarget;
			buildConfigurationList = 4FFF88DB1A12A11900283B80 /* Build configuration list for PBXNativeTarget "Basket Climb" */;
			buildPhases = (
				4FFF88AF1A12A11800283B80 /* Sources */,
				4FFF88B01A12A11800283B80 /* Frameworks */,
				4FFF88B11A12A11800283B80 /* Resources */,
			);
			buildRules = (
			);
			dependencies = (
			);
			name = "Basket Climb";
			productName = basketclimb;
			productReference = 4FFF88B31A12A11800283B80 /* Basket Climb.app */;
			productType = "com.apple.product-type.application";
		};
		4FFF88D01A12A11900283B80 /* Basket ClimbTests */ = {
			isa = PBXNativeTarget;
			buildConfigurationList = 4FFF88DE1A12A11900283B80 /* Build configuration list for PBXNativeTarget "Basket ClimbTests" */;
			buildPhases = (
				4FFF88CD1A12A11900283B80 /* Sources */,
				4FFF88CE1A12A11900283B80 /* Frameworks */,
				4FFF88CF1A12A11900283B80 /* Resources */,
			);
			buildRules = (
			);
			dependencies = (
				4FFF88D31A12A11900283B80 /* PBXTargetDependency */,
			);
			name = "Basket ClimbTests";
			productName = basketclimbTests;
			productReference = 4FFF88D11A12A11900283B80 /* Basket ClimbTests.xctest */;
			productType = "com.apple.product-type.bundle.unit-test";
		};
/* End PBXNativeTarget section */

/* Begin PBXProject section */
		4FFF88AB1A12A11800283B80 /* Project object */ = {
			isa = PBXProject;
			attributes = {
				LastUpgradeCheck = 0610;
				ORGANIZATIONNAME = nyu.edu;
				TargetAttributes = {
					4FFF88B21A12A11800283B80 = {
						CreatedOnToolsVersion = 6.1;
						DevelopmentTeam = 73VTD9GBL7;
					};
					4FFF88D01A12A11900283B80 = {
						CreatedOnToolsVersion = 6.1;
						TestTargetID = 4FFF88B21A12A11800283B80;
					};
				};
			};
			buildConfigurationList = 4FFF88AE1A12A11800283B80 /* Build configuration list for PBXProject "Basket Climb" */;
			compatibilityVersion = "Xcode 3.2";
			developmentRegion = English;
			hasScannedForEncodings = 0;
			knownRegions = (
				en,
				Base,
			);
			mainGroup = 4FFF88AA1A12A11800283B80;
			productRefGroup = 4FFF88B41A12A11800283B80 /* Products */;
			projectDirPath = "";
			projectRoot = "";
			targets = (
				4FFF88B21A12A11800283B80 /* Basket Climb */,
				4FFF88D01A12A11900283B80 /* Basket ClimbTests */,
			);
		};
/* End PBXProject section */

/* Begin PBXResourcesBuildPhase section */
		4FFF88B11A12A11800283B80 /* Resources */ = {
			isa = PBXResourcesBuildPhase;
			buildActionMask = 2147483647;
			files = (
				E27E6DA61A3FECC60095D5A7 /* BasketMade.wav in Resources */,
				4FFF88CC1A12A11900283B80 /* LaunchScreen.xib in Resources */,
				4FFF88C91A12A11900283B80 /* Images.xcassets in Resources */,
				E27E6DB31A3FFB4F0095D5A7 /* Start.wav in Resources */,
				4FFF88C11A12A11800283B80 /* GameScene.sks in Resources */,
				4FFF88C71A12A11800283B80 /* Main.storyboard in Resources */,
				E27E6DA71A3FECC60095D5A7 /* Death.wav in Resources */,
			);
			runOnlyForDeploymentPostprocessing = 0;
		};
		4FFF88CF1A12A11900283B80 /* Resources */ = {
			isa = PBXResourcesBuildPhase;
			buildActionMask = 2147483647;
			files = (
			);
			runOnlyForDeploymentPostprocessing = 0;
		};
/* End PBXResourcesBuildPhase section */

/* Begin PBXSourcesBuildPhase section */
		4FFF88AF1A12A11800283B80 /* Sources */ = {
			isa = PBXSourcesBuildPhase;
			buildActionMask = 2147483647;
			files = (
				E2CEDFCC1A3652810018DB7D /* GameState.m in Sources */,
				4F900DBE1A39FDA20044D50D /* Cloud.m in Sources */,
				4FFF88C41A12A11800283B80 /* GameViewController.m in Sources */,
				E24347681A26B9C9007972D4 /* Map.m in Sources */,
				4FFF88BC1A12A11800283B80 /* AppDelegate.m in Sources */,
				E2CEDFD01A3655D00018DB7D /* EndGameScene.m in Sources */,
				4FFF88BF1A12A11800283B80 /* GameScene.m in Sources */,
				4FA225AC1A300F2F00701027 /* Ball.m in Sources */,
				E253B63E1A2ED69000C5F743 /* Basket.m in Sources */,
				4FFF88B91A12A11800283B80 /* main.m in Sources */,
				E27E6DB11A3FF2AC0095D5A7 /* SoundManager.m in Sources */,
			);
			runOnlyForDeploymentPostprocessing = 0;
		};
		4FFF88CD1A12A11900283B80 /* Sources */ = {
			isa = PBXSourcesBuildPhase;
			buildActionMask = 2147483647;
			files = (
				4FFF88D81A12A11900283B80 /* basketclimbTests.m in Sources */,
			);
			runOnlyForDeploymentPostprocessing = 0;
		};
/* End PBXSourcesBuildPhase section */

/* Begin PBXTargetDependency section */
		4FFF88D31A12A11900283B80 /* PBXTargetDependency */ = {
			isa = PBXTargetDependency;
			target = 4FFF88B21A12A11800283B80 /* Basket Climb */;
			targetProxy = 4FFF88D21A12A11900283B80 /* PBXContainerItemProxy */;
		};
/* End PBXTargetDependency section */

/* Begin PBXVariantGroup section */
		4FFF88C51A12A11800283B80 /* Main.storyboard */ = {
			isa = PBXVariantGroup;
			children = (
				4FFF88C61A12A11800283B80 /* Base */,
			);
			name = Main.storyboard;
			sourceTree = "<group>";
		};
		4FFF88CA1A12A11900283B80 /* LaunchScreen.xib */ = {
			isa = PBXVariantGroup;
			children = (
				4FFF88CB1A12A11900283B80 /* Base */,
			);
			name = LaunchScreen.xib;
			sourceTree = "<group>";
		};
/* End PBXVariantGroup section */

/* Begin XCBuildConfiguration section */
		4FFF88D91A12A11900283B80 /* Debug */ = {
			isa = XCBuildConfiguration;
			buildSettings = {
				ALWAYS_SEARCH_USER_PATHS = NO;
				CLANG_CXX_LANGUAGE_STANDARD = "gnu++0x";
				CLANG_CXX_LIBRARY = "libc++";
				CLANG_ENABLE_MODULES = YES;
				CLANG_ENABLE_OBJC_ARC = YES;
				CLANG_WARN_BOOL_CONVERSION = YES;
				CLANG_WARN_CONSTANT_CONVERSION = YES;
				CLANG_WARN_DIRECT_OBJC_ISA_USAGE = YES_ERROR;
				CLANG_WARN_EMPTY_BODY = YES;
				CLANG_WARN_ENUM_CONVERSION = YES;
				CLANG_WARN_INT_CONVERSION = YES;
				CLANG_WARN_OBJC_ROOT_CLASS = YES_ERROR;
				CLANG_WARN_UNREACHABLE_CODE = YES;
				CLANG_WARN__DUPLICATE_METHOD_MATCH = YES;
				"CODE_SIGN_IDENTITY[sdk=iphoneos*]" = "iPhone Developer";
				COPY_PHASE_STRIP = NO;
				ENABLE_STRICT_OBJC_MSGSEND = YES;
				GCC_C_LANGUAGE_STANDARD = gnu99;
				GCC_DYNAMIC_NO_PIC = NO;
				GCC_OPTIMIZATION_LEVEL = 0;
				GCC_PREPROCESSOR_DEFINITIONS = (
					"DEBUG=1",
					"$(inherited)",
				);
				GCC_SYMBOLS_PRIVATE_EXTERN = NO;
				GCC_WARN_64_TO_32_BIT_CONVERSION = YES;
				GCC_WARN_ABOUT_RETURN_TYPE = YES_ERROR;
				GCC_WARN_UNDECLARED_SELECTOR = YES;
				GCC_WARN_UNINITIALIZED_AUTOS = YES_AGGRESSIVE;
				GCC_WARN_UNUSED_FUNCTION = YES;
				GCC_WARN_UNUSED_VARIABLE = YES;
				IPHONEOS_DEPLOYMENT_TARGET = 7.1;
				MTL_ENABLE_DEBUG_INFO = YES;
				ONLY_ACTIVE_ARCH = YES;
				SDKROOT = iphoneos;
			};
			name = Debug;
		};
		4FFF88DA1A12A11900283B80 /* Release */ = {
			isa = XCBuildConfiguration;
			buildSettings = {
				ALWAYS_SEARCH_USER_PATHS = NO;
				CLANG_CXX_LANGUAGE_STANDARD = "gnu++0x";
				CLANG_CXX_LIBRARY = "libc++";
				CLANG_ENABLE_MODULES = YES;
				CLANG_ENABLE_OBJC_ARC = YES;
				CLANG_WARN_BOOL_CONVERSION = YES;
				CLANG_WARN_CONSTANT_CONVERSION = YES;
				CLANG_WARN_DIRECT_OBJC_ISA_USAGE = YES_ERROR;
				CLANG_WARN_EMPTY_BODY = YES;
				CLANG_WARN_ENUM_CONVERSION = YES;
				CLANG_WARN_INT_CONVERSION = YES;
				CLANG_WARN_OBJC_ROOT_CLASS = YES_ERROR;
				CLANG_WARN_UNREACHABLE_CODE = YES;
				CLANG_WARN__DUPLICATE_METHOD_MATCH = YES;
				"CODE_SIGN_IDENTITY[sdk=iphoneos*]" = "iPhone Developer";
				COPY_PHASE_STRIP = YES;
				ENABLE_NS_ASSERTIONS = NO;
				ENABLE_STRICT_OBJC_MSGSEND = YES;
				GCC_C_LANGUAGE_STANDARD = gnu99;
				GCC_WARN_64_TO_32_BIT_CONVERSION = YES;
				GCC_WARN_ABOUT_RETURN_TYPE = YES_ERROR;
				GCC_WARN_UNDECLARED_SELECTOR = YES;
				GCC_WARN_UNINITIALIZED_AUTOS = YES_AGGRESSIVE;
				GCC_WARN_UNUSED_FUNCTION = YES;
				GCC_WARN_UNUSED_VARIABLE = YES;
				IPHONEOS_DEPLOYMENT_TARGET = 7.1;
				MTL_ENABLE_DEBUG_INFO = NO;
				SDKROOT = iphoneos;
				VALIDATE_PRODUCT = YES;
			};
			name = Release;
		};
		4FFF88DC1A12A11900283B80 /* Debug */ = {
			isa = XCBuildConfiguration;
			buildSettings = {
				ASSETCATALOG_COMPILER_APPICON_NAME = AppIcon;
				CLANG_ENABLE_MODULES = YES;
				CODE_SIGN_IDENTITY = "iPhone Developer";
				"CODE_SIGN_IDENTITY[sdk=iphoneos*]" = "iPhone Developer";
				GCC_PRECOMPILE_PREFIX_HEADER = NO;
				INFOPLIST_FILE = basketclimb/Info.plist;
				IPHONEOS_DEPLOYMENT_TARGET = 8.1;
				LD_RUNPATH_SEARCH_PATHS = "$(inherited) @executable_path/Frameworks";
				PRODUCT_NAME = "Basket Climb";
				PROVISIONING_PROFILE = "";
				SWIFT_OBJC_BRIDGING_HEADER = "basketclimb/Basket Climb-Bridging-Header.h";
				SWIFT_OPTIMIZATION_LEVEL = "-Onone";
				TARGETED_DEVICE_FAMILY = 1;
			};
			name = Debug;
		};
		4FFF88DD1A12A11900283B80 /* Release */ = {
			isa = XCBuildConfiguration;
			buildSettings = {
				ASSETCATALOG_COMPILER_APPICON_NAME = AppIcon;
				CLANG_ENABLE_MODULES = YES;
				CODE_SIGN_IDENTITY = "iPhone Developer";
				"CODE_SIGN_IDENTITY[sdk=iphoneos*]" = "iPhone Developer";
				GCC_PRECOMPILE_PREFIX_HEADER = NO;
				INFOPLIST_FILE = basketclimb/Info.plist;
				IPHONEOS_DEPLOYMENT_TARGET = 8.1;
				LD_RUNPATH_SEARCH_PATHS = "$(inherited) @executable_path/Frameworks";
				PRODUCT_NAME = "Basket Climb";
				PROVISIONING_PROFILE = "";
				SWIFT_OBJC_BRIDGING_HEADER = "basketclimb/Basket Climb-Bridging-Header.h";
				TARGETED_DEVICE_FAMILY = 1;
			};
			name = Release;
		};
		4FFF88DF1A12A11900283B80 /* Debug */ = {
			isa = XCBuildConfiguration;
			buildSettings = {
				BUNDLE_LOADER = "$(TEST_HOST)";
				DEFINES_MODULE = YES;
				FRAMEWORK_SEARCH_PATHS = (
					"$(SDKROOT)/Developer/Library/Frameworks",
					"$(inherited)",
				);
				GCC_PREPROCESSOR_DEFINITIONS = (
					"DEBUG=1",
					"$(inherited)",
				);
				INFOPLIST_FILE = basketclimbTests/Info.plist;
				LD_RUNPATH_SEARCH_PATHS = "$(inherited) @executable_path/Frameworks @loader_path/Frameworks";
				PRODUCT_NAME = "Basket ClimbTests";
				TEST_HOST = "";
			};
			name = Debug;
		};
		4FFF88E01A12A11900283B80 /* Release */ = {
			isa = XCBuildConfiguration;
			buildSettings = {
				BUNDLE_LOADER = "$(TEST_HOST)";
				DEFINES_MODULE = YES;
				FRAMEWORK_SEARCH_PATHS = (
					"$(SDKROOT)/Developer/Library/Frameworks",
					"$(inherited)",
				);
				INFOPLIST_FILE = basketclimbTests/Info.plist;
				LD_RUNPATH_SEARCH_PATHS = "$(inherited) @executable_path/Frameworks @loader_path/Frameworks";
				PRODUCT_NAME = "Basket ClimbTests";
				TEST_HOST = "";
			};
			name = Release;
		};
/* End XCBuildConfiguration section */

/* Begin XCConfigurationList section */
		4FFF88AE1A12A11800283B80 /* Build configuration list for PBXProject "Basket Climb" */ = {
			isa = XCConfigurationList;
			buildConfigurations = (
				4FFF88D91A12A11900283B80 /* Debug */,
				4FFF88DA1A12A11900283B80 /* Release */,
			);
			defaultConfigurationIsVisible = 0;
			defaultConfigurationName = Release;
		};
		4FFF88DB1A12A11900283B80 /* Build configuration list for PBXNativeTarget "Basket Climb" */ = {
			isa = XCConfigurationList;
			buildConfigurations = (
				4FFF88DC1A12A11900283B80 /* Debug */,
				4FFF88DD1A12A11900283B80 /* Release */,
			);
			defaultConfigurationIsVisible = 0;
			defaultConfigurationName = Release;
		};
		4FFF88DE1A12A11900283B80 /* Build configuration list for PBXNativeTarget "Basket ClimbTests" */ = {
			isa = XCConfigurationList;
			buildConfigurations = (
				4FFF88DF1A12A11900283B80 /* Debug */,
				4FFF88E01A12A11900283B80 /* Release */,
			);
			defaultConfigurationIsVisible = 0;
			defaultConfigurationName = Release;
		};
/* End XCConfigurationList section */
	};
	rootObject = 4FFF88AB1A12A11800283B80 /* Project object */;
}
